// !$*UTF8*$!
{
	archiveVersion = 1;
	classes = {
	};
	objectVersion = 77;
	objects = {

/* Begin PBXBuildFile section */
		922AAB172FDA754100F7B8E6 /* WidgetKit.framework in Frameworks */ = {isa = PBXBuildFile; fileRef = 922AAB162FDA754100F7B8E6 /* WidgetKit.framework */; };
		922AAB192FDA754100F7B8E6 /* SwiftUI.framework in Frameworks */ = {isa = PBXBuildFile; fileRef = 922AAB182FDA754100F7B8E6 /* SwiftUI.framework */; };
		922AAB282FDA754300F7B8E6 /* DoggoWidgetExtension.appex in Embed Foundation Extensions */ = {isa = PBXBuildFile; fileRef = 922AAB142FDA754100F7B8E6 /* DoggoWidgetExtension.appex */; settings = {ATTRIBUTES = (RemoveHeadersOnCopy, ); }; };
/* End PBXBuildFile section */

/* Begin PBXContainerItemProxy section */
		15E227622F33C524005FAD06 /* PBXContainerItemProxy */ = {
			isa = PBXContainerItemProxy;
			containerPortal = 15E2274A2F33C522005FAD06 /* Project object */;
			proxyType = 1;
			remoteGlobalIDString = 15E227512F33C522005FAD06;
			remoteInfo = Doggo_V2;
		};
		15E2276C2F33C524005FAD06 /* PBXContainerItemProxy */ = {
			isa = PBXContainerItemProxy;
			containerPortal = 15E2274A2F33C522005FAD06 /* Project object */;
			proxyType = 1;
			remoteGlobalIDString = 15E227512F33C522005FAD06;
			remoteInfo = Doggo_V2;
		};
		922AAB262FDA754300F7B8E6 /* PBXContainerItemProxy */ = {
			isa = PBXContainerItemProxy;
			containerPortal = 15E2274A2F33C522005FAD06 /* Project object */;
			proxyType = 1;
			remoteGlobalIDString = 922AAB132FDA754100F7B8E6;
			remoteInfo = DoggoWidgetExtension;
		};
/* End PBXContainerItemProxy section */

/* Begin PBXCopyFilesBuildPhase section */
		922AAB292FDA754300F7B8E6 /* Embed Foundation Extensions */ = {
			isa = PBXCopyFilesBuildPhase;
			buildActionMask = 2147483647;
			dstPath = "";
			dstSubfolderSpec = 13;
			files = (
				922AAB282FDA754300F7B8E6 /* DoggoWidgetExtension.appex in Embed Foundation Extensions */,
			);
			name = "Embed Foundation Extensions";
			runOnlyForDeploymentPostprocessing = 0;
		};
/* End PBXCopyFilesBuildPhase section */

/* Begin PBXFileReference section */
		15E227522F33C522005FAD06 /* Doggo_V2.app */ = {isa = PBXFileReference; explicitFileType = wrapper.application; includeInIndex = 0; path = Doggo_V2.app; sourceTree = BUILT_PRODUCTS_DIR; };
		15E227612F33C524005FAD06 /* Doggo_V2Tests.xctest */ = {isa = PBXFileReference; explicitFileType = wrapper.cfbundle; includeInIndex = 0; path = Doggo_V2Tests.xctest; sourceTree = BUILT_PRODUCTS_DIR; };
		15E2276B2F33C524005FAD06 /* Doggo_V2UITests.xctest */ = {isa = PBXFileReference; explicitFileType = wrapper.cfbundle; includeInIndex = 0; path = Doggo_V2UITests.xctest; sourceTree = BUILT_PRODUCTS_DIR; };
		15E229532F350B79005FAD06 /* Secrets.xcconfig */ = {isa = PBXFileReference; lastKnownFileType = text.xcconfig; name = Secrets.xcconfig; path = Doggo_V2/Core/Data/Network/AIService/Secrets.xcconfig; sourceTree = "<group>"; };
		922AAB142FDA754100F7B8E6 /* DoggoWidgetExtension.appex */ = {isa = PBXFileReference; explicitFileType = "wrapper.app-extension"; includeInIndex = 0; path = DoggoWidgetExtension.appex; sourceTree = BUILT_PRODUCTS_DIR; };
		922AAB162FDA754100F7B8E6 /* WidgetKit.framework */ = {isa = PBXFileReference; lastKnownFileType = wrapper.framework; name = WidgetKit.framework; path = System/Library/Frameworks/WidgetKit.framework; sourceTree = SDKROOT; };
		922AAB182FDA754100F7B8E6 /* SwiftUI.framework */ = {isa = PBXFileReference; lastKnownFileType = wrapper.framework; name = SwiftUI.framework; path = System/Library/Frameworks/SwiftUI.framework; sourceTree = SDKROOT; };
/* End PBXFileReference section */

/* Begin PBXFileSystemSynchronizedBuildFileExceptionSet section */
		15E229AA2F350B79005FAD06 /* Exceptions for "Doggo_V2" folder in "Doggo_V2" target */ = {
			isa = PBXFileSystemSynchronizedBuildFileExceptionSet;
			membershipExceptions = (
				Core/Data/Network/AIService/Secrets.xcconfig,
			);
			target = 15E227512F33C522005FAD06 /* Doggo_V2 */;
		};
		922AAB2D2FDA754300F7B8E6 /* Exceptions for "DoggoWidget" folder in "DoggoWidgetExtension" target */ = {
			isa = PBXFileSystemSynchronizedBuildFileExceptionSet;
			membershipExceptions = (
				Info.plist,
			);
			target = 922AAB132FDA754100F7B8E6 /* DoggoWidgetExtension */;
		};
		922AAB392FDA770400F7B8E6 /* Exceptions for "Doggo_V2" folder in "DoggoWidgetExtension" target */ = {
			isa = PBXFileSystemSynchronizedBuildFileExceptionSet;
			membershipExceptions = (
				Core/Common/Utilities/DoggoActivityAttributes.swift,
			);
			target = 922AAB132FDA754100F7B8E6 /* DoggoWidgetExtension */;
		};
		922AAB3B2FDA77E500F7B8E6 /* Exceptions for "DoggoWidget" folder in "Doggo_V2" target */ = {
			isa = PBXFileSystemSynchronizedBuildFileExceptionSet;
			membershipExceptions = (
				DoggoWidget.swift,
			);
			target = 15E227512F33C522005FAD06 /* Doggo_V2 */;
		};
/* End PBXFileSystemSynchronizedBuildFileExceptionSet section */

/* Begin PBXFileSystemSynchronizedRootGroup section */
		15E227542F33C522005FAD06 /* Doggo_V2 */ = {
			isa = PBXFileSystemSynchronizedRootGroup;
			exceptions = (
				15E229AA2F350B79005FAD06 /* Exceptions for "Doggo_V2" folder in "Doggo_V2" target */,
				922AAB392FDA770400F7B8E6 /* Exceptions for "Doggo_V2" folder in "DoggoWidgetExtension" target */,
			);
			path = Doggo_V2;
			sourceTree = "<group>";
		};
		15E227642F33C524005FAD06 /* Doggo_V2Tests */ = {
			isa = PBXFileSystemSynchronizedRootGroup;
			path = Doggo_V2Tests;
			sourceTree = "<group>";
		};
		15E2276E2F33C524005FAD06 /* Doggo_V2UITests */ = {
			isa = PBXFileSystemSynchronizedRootGroup;
			path = Doggo_V2UITests;
			sourceTree = "<group>";
		};
		922AAB1A2FDA754100F7B8E6 /* DoggoWidget */ = {
			isa = PBXFileSystemSynchronizedRootGroup;
			exceptions = (
				922AAB3B2FDA77E500F7B8E6 /* Exceptions for "DoggoWidget" folder in "Doggo_V2" target */,
				922AAB2D2FDA754300F7B8E6 /* Exceptions for "DoggoWidget" folder in "DoggoWidgetExtension" target */,
			);
			path = DoggoWidget;
			sourceTree = "<group>";
		};
/* End PBXFileSystemSynchronizedRootGroup section */

/* Begin PBXFrameworksBuildPhase section */
		15E2274F2F33C522005FAD06 /* Frameworks */ = {
			isa = PBXFrameworksBuildPhase;
			buildActionMask = 2147483647;
			files = (
			);
			runOnlyForDeploymentPostprocessing = 0;
		};
		15E2275E2F33C524005FAD06 /* Frameworks */ = {
			isa = PBXFrameworksBuildPhase;
			buildActionMask = 2147483647;
			files = (
			);
			runOnlyForDeploymentPostprocessing = 0;
		};
		15E227682F33C524005FAD06 /* Frameworks */ = {
			isa = PBXFrameworksBuildPhase;
			buildActionMask = 2147483647;
			files = (
			);
			runOnlyForDeploymentPostprocessing = 0;
		};
		922AAB112FDA754100F7B8E6 /* Frameworks */ = {
			isa = PBXFrameworksBuildPhase;
			buildActionMask = 2147483647;
			files = (
				922AAB192FDA754100F7B8E6 /* SwiftUI.framework in Frameworks */,
				922AAB172FDA754100F7B8E6 /* WidgetKit.framework in Frameworks */,
			);
			runOnlyForDeploymentPostprocessing = 0;
		};
/* End PBXFrameworksBuildPhase section */

/* Begin PBXGroup section */
		15E227492F33C522005FAD06 = {
			isa = PBXGroup;
			children = (
				15E229532F350B79005FAD06 /* Secrets.xcconfig */,
				15E227542F33C522005FAD06 /* Doggo_V2 */,
				15E227642F33C524005FAD06 /* Doggo_V2Tests */,
				15E2276E2F33C524005FAD06 /* Doggo_V2UITests */,
				922AAB1A2FDA754100F7B8E6 /* DoggoWidget */,
				922AAB152FDA754100F7B8E6 /* Frameworks */,
				15E227532F33C522005FAD06 /* Products */,
			);
			sourceTree = "<group>";
		};
		15E227532F33C522005FAD06 /* Products */ = {
			isa = PBXGroup;
			children = (
				15E227522F33C522005FAD06 /* Doggo_V2.app */,
				15E227612F33C524005FAD06 /* Doggo_V2Tests.xctest */,
				15E2276B2F33C524005FAD06 /* Doggo_V2UITests.xctest */,
				922AAB142FDA754100F7B8E6 /* DoggoWidgetExtension.appex */,
			);
			name = Products;
			sourceTree = "<group>";
		};
		922AAB152FDA754100F7B8E6 /* Frameworks */ = {
			isa = PBXGroup;
			children = (
				922AAB162FDA754100F7B8E6 /* WidgetKit.framework */,
				922AAB182FDA754100F7B8E6 /* SwiftUI.framework */,
			);
			name = Frameworks;
			sourceTree = "<group>";
		};
/* End PBXGroup section */

/* Begin PBXNativeTarget section */
		15E227512F33C522005FAD06 /* Doggo_V2 */ = {
			isa = PBXNativeTarget;
			buildConfigurationList = 15E227752F33C524005FAD06 /* Build configuration list for PBXNativeTarget "Doggo_V2" */;
			buildPhases = (
				15E2274E2F33C522005FAD06 /* Sources */,
				15E2274F2F33C522005FAD06 /* Frameworks */,
				15E227502F33C522005FAD06 /* Resources */,
				922AAB292FDA754300F7B8E6 /* Embed Foundation Extensions */,
			);
			buildRules = (
			);
			dependencies = (
				922AAB272FDA754300F7B8E6 /* PBXTargetDependency */,
			);
			fileSystemSynchronizedGroups = (
				15E227542F33C522005FAD06 /* Doggo_V2 */,
			);
			name = Doggo_V2;
			packageProductDependencies = (
			);
			productName = Doggo_V2;
			productReference = 15E227522F33C522005FAD06 /* Doggo_V2.app */;
			productType = "com.apple.product-type.application";
		};
		15E227602F33C524005FAD06 /* Doggo_V2Tests */ = {
			isa = PBXNativeTarget;
			buildConfigurationList = 15E227782F33C524005FAD06 /* Build configuration list for PBXNativeTarget "Doggo_V2Tests" */;
			buildPhases = (
				15E2275D2F33C524005FAD06 /* Sources */,
				15E2275E2F33C524005FAD06 /* Frameworks */,
				15E2275F2F33C524005FAD06 /* Resources */,
			);
			buildRules = (
			);
			dependencies = (
				15E227632F33C524005FAD06 /* PBXTargetDependency */,
			);
			fileSystemSynchronizedGroups = (
				15E227642F33C524005FAD06 /* Doggo_V2Tests */,
			);
			name = Doggo_V2Tests;
			packageProductDependencies = (
			);
			productName = Doggo_V2Tests;
			productReference = 15E227612F33C524005FAD06 /* Doggo_V2Tests.xctest */;
			productType = "com.apple.product-type.bundle.unit-test";
		};
		15E2276A2F33C524005FAD06 /* Doggo_V2UITests */ = {
			isa = PBXNativeTarget;
			buildConfigurationList = 15E2277B2F33C524005FAD06 /* Build configuration list for PBXNativeTarget "Doggo_V2UITests" */;
			buildPhases = (
				15E227672F33C524005FAD06 /* Sources */,
				15E227682F33C524005FAD06 /* Frameworks */,
				15E227692F33C524005FAD06 /* Resources */,
			);
			buildRules = (
			);
			dependencies = (
				15E2276D2F33C524005FAD06 /* PBXTargetDependency */,
			);
			fileSystemSynchronizedGroups = (
				15E2276E2F33C524005FAD06 /* Doggo_V2UITests */,
			);
			name = Doggo_V2UITests;
			packageProductDependencies = (
			);
			productName = Doggo_V2UITests;
			productReference = 15E2276B2F33C524005FAD06 /* Doggo_V2UITests.xctest */;
			productType = "com.apple.product-type.bundle.ui-testing";
		};
		922AAB132FDA754100F7B8E6 /* DoggoWidgetExtension */ = {
			isa = PBXNativeTarget;
			buildConfigurationList = 922AAB2C2FDA754300F7B8E6 /* Build configuration list for PBXNativeTarget "DoggoWidgetExtension" */;
			buildPhases = (
				922AAB102FDA754100F7B8E6 /* Sources */,
				922AAB112FDA754100F7B8E6 /* Frameworks */,
				922AAB122FDA754100F7B8E6 /* Resources */,
			);
			buildRules = (
			);
			dependencies = (
			);
			fileSystemSynchronizedGroups = (
				922AAB1A2FDA754100F7B8E6 /* DoggoWidget */,
			);
			name = DoggoWidgetExtension;
			packageProductDependencies = (
			);
			productName = DoggoWidgetExtension;
			productReference = 922AAB142FDA754100F7B8E6 /* DoggoWidgetExtension.appex */;
			productType = "com.apple.product-type.app-extension";
		};
/* End PBXNativeTarget section */

/* Begin PBXProject section */
		15E2274A2F33C522005FAD06 /* Project object */ = {
			isa = PBXProject;
			attributes = {
				BuildIndependentTargetsInParallel = 1;
				LastSwiftUpdateCheck = 2630;
				LastUpgradeCheck = 2620;
				TargetAttributes = {
					15E227512F33C522005FAD06 = {
						CreatedOnToolsVersion = 26.2;
					};
					15E227602F33C524005FAD06 = {
						CreatedOnToolsVersion = 26.2;
						TestTargetID = 15E227512F33C522005FAD06;
					};
					15E2276A2F33C524005FAD06 = {
						CreatedOnToolsVersion = 26.2;
						TestTargetID = 15E227512F33C522005FAD06;
					};
					922AAB132FDA754100F7B8E6 = {
						CreatedOnToolsVersion = 26.3;
					};
				};
			};
			buildConfigurationList = 15E2274D2F33C522005FAD06 /* Build configuration list for PBXProject "Doggo_V2" */;
			developmentRegion = en;
			hasScannedForEncodings = 0;
			knownRegions = (
				en,
				Base,
			);
			mainGroup = 15E227492F33C522005FAD06;
			minimizedProjectReferenceProxies = 1;
			preferredProjectObjectVersion = 77;
			productRefGroup = 15E227532F33C522005FAD06 /* Products */;
			projectDirPath = "";
			projectRoot = "";
			targets = (
				15E227512F33C522005FAD06 /* Doggo_V2 */,
				15E227602F33C524005FAD06 /* Doggo_V2Tests */,
				15E2276A2F33C524005FAD06 /* Doggo_V2UITests */,
				922AAB132FDA754100F7B8E6 /* DoggoWidgetExtension */,
			);
		};
/* End PBXProject section */

/* Begin PBXResourcesBuildPhase section */
		15E227502F33C522005FAD06 /* Resources */ = {
			isa = PBXResourcesBuildPhase;
			buildActionMask = 2147483647;
			files = (
			);
			runOnlyForDeploymentPostprocessing = 0;
		};
		15E2275F2F33C524005FAD06 /* Resources */ = {
			isa = PBXResourcesBuildPhase;
			buildActionMask = 2147483647;
			files = (
			);
			runOnlyForDeploymentPostprocessing = 0;
		};
		15E227692F33C524005FAD06 /* Resources */ = {
			isa = PBXResourcesBuildPhase;
			buildActionMask = 2147483647;
			files = (
			);
			runOnlyForDeploymentPostprocessing = 0;
		};
		922AAB122FDA754100F7B8E6 /* Resources */ = {
			isa = PBXResourcesBuildPhase;
			buildActionMask = 2147483647;
			files = (
			);
			runOnlyForDeploymentPostprocessing = 0;
		};
/* End PBXResourcesBuildPhase section */

/* Begin PBXSourcesBuildPhase section */
		15E2274E2F33C522005FAD06 /* Sources */ = {
			isa = PBXSourcesBuildPhase;
			buildActionMask = 2147483647;
			files = (
			);
			runOnlyForDeploymentPostprocessing = 0;
		};
		15E2275D2F33C524005FAD06 /* Sources */ = {
			isa = PBXSourcesBuildPhase;
			buildActionMask = 2147483647;
			files = (
			);
			runOnlyForDeploymentPostprocessing = 0;
		};
		15E227672F33C524005FAD06 /* Sources */ = {
			isa = PBXSourcesBuildPhase;
			buildActionMask = 2147483647;
			files = (
			);
			runOnlyForDeploymentPostprocessing = 0;
		};
		922AAB102FDA754100F7B8E6 /* Sources */ = {
			isa = PBXSourcesBuildPhase;
			buildActionMask = 2147483647;
			files = (
			);
			runOnlyForDeploymentPostprocessing = 0;
		};
/* End PBXSourcesBuildPhase section */

/* Begin PBXTargetDependency section */
		15E227632F33C524005FAD06 /* PBXTargetDependency */ = {
			isa = PBXTargetDependency;
			target = 15E227512F33C522005FAD06 /* Doggo_V2 */;
			targetProxy = 15E227622F33C524005FAD06 /* PBXContainerItemProxy */;
		};
		15E2276D2F33C524005FAD06 /* PBXTargetDependency */ = {
			isa = PBXTargetDependency;
			target = 15E227512F33C522005FAD06 /* Doggo_V2 */;
			targetProxy = 15E2276C2F33C524005FAD06 /* PBXContainerItemProxy */;
		};
		922AAB272FDA754300F7B8E6 /* PBXTargetDependency */ = {
			isa = PBXTargetDependency;
			target = 922AAB132FDA754100F7B8E6 /* DoggoWidgetExtension */;
			targetProxy = 922AAB262FDA754300F7B8E6 /* PBXContainerItemProxy */;
		};
/* End PBXTargetDependency section */

/* Begin XCBuildConfiguration section */
		15E227732F33C524005FAD06 /* Debug */ = {
			isa = XCBuildConfiguration;
			baseConfigurationReferenceAnchor = 15E227542F33C522005FAD06 /* Doggo_V2 */;
			baseConfigurationReferenceRelativePath = Core/Data/Network/AIService/Secrets.xcconfig;
			buildSettings = {
				ALWAYS_SEARCH_USER_PATHS = NO;
				ASSETCATALOG_COMPILER_GENERATE_SWIFT_ASSET_SYMBOL_EXTENSIONS = YES;
				CLANG_ANALYZER_NONNULL = YES;
				CLANG_ANALYZER_NUMBER_OBJECT_CONVERSION = YES_AGGRESSIVE;
				CLANG_CXX_LANGUAGE_STANDARD = "gnu++20";
				CLANG_ENABLE_MODULES = YES;
				CLANG_ENABLE_OBJC_ARC = YES;
				CLANG_ENABLE_OBJC_WEAK = YES;
				CLANG_WARN_BLOCK_CAPTURE_AUTORELEASING = YES;
				CLANG_WARN_BOOL_CONVERSION = YES;
				CLANG_WARN_COMMA = YES;
				CLANG_WARN_CONSTANT_CONVERSION = YES;
				CLANG_WARN_DEPRECATED_OBJC_IMPLEMENTATIONS = YES;
				CLANG_WARN_DIRECT_OBJC_ISA_USAGE = YES_ERROR;
				CLANG_WARN_DOCUMENTATION_COMMENTS = YES;
				CLANG_WARN_EMPTY_BODY = YES;
				CLANG_WARN_ENUM_CONVERSION = YES;
				CLANG_WARN_INFINITE_RECURSION = YES;
				CLANG_WARN_INT_CONVERSION = YES;
				CLANG_WARN_NON_LITERAL_NULL_CONVERSION = YES;
				CLANG_WARN_OBJC_IMPLICIT_RETAIN_SELF = YES;
				CLANG_WARN_OBJC_LITERAL_CONVERSION = YES;
				CLANG_WARN_OBJC_ROOT_CLASS = YES_ERROR;
				CLANG_WARN_QUOTED_INCLUDE_IN_FRAMEWORK_HEADER = YES;
				CLANG_WARN_RANGE_LOOP_ANALYSIS = YES;
				CLANG_WARN_STRICT_PROTOTYPES = YES;
				CLANG_WARN_SUSPICIOUS_MOVE = YES;
				CLANG_WARN_UNGUARDED_AVAILABILITY = YES_AGGRESSIVE;
				CLANG_WARN_UNREACHABLE_CODE = YES;
				CLANG_WARN__DUPLICATE_METHOD_MATCH = YES;
				COPY_PHASE_STRIP = NO;
				DEBUG_INFORMATION_FORMAT = dwarf;
				DEVELOPMENT_TEAM = 825JPA884M;
				ENABLE_STRICT_OBJC_MSGSEND = YES;
				ENABLE_TESTABILITY = YES;
				ENABLE_USER_SCRIPT_SANDBOXING = YES;
				GCC_C_LANGUAGE_STANDARD = gnu17;
				GCC_DYNAMIC_NO_PIC = NO;
				GCC_NO_COMMON_BLOCKS = YES;
				GCC_OPTIMIZATION_LEVEL = 0;
				GCC_PREPROCESSOR_DEFINITIONS = (
					"DEBUG=1",
					"$(inherited)",
				);
				GCC_WARN_64_TO_32_BIT_CONVERSION = YES;
				GCC_WARN_ABOUT_RETURN_TYPE = YES_ERROR;
				GCC_WARN_UNDECLARED_SELECTOR = YES;
				GCC_WARN_UNINITIALIZED_AUTOS = YES_AGGRESSIVE;
				GCC_WARN_UNUSED_FUNCTION = YES;
				GCC_WARN_UNUSED_VARIABLE = YES;
				IPHONEOS_DEPLOYMENT_TARGET = 26.2;
				LOCALIZATION_PREFERS_STRING_CATALOGS = YES;
				MTL_ENABLE_DEBUG_INFO = INCLUDE_SOURCE;
				MTL_FAST_MATH = YES;
				ONLY_ACTIVE_ARCH = YES;
				SDKROOT = iphoneos;
				SWIFT_ACTIVE_COMPILATION_CONDITIONS = "DEBUG $(inherited)";
				SWIFT_OPTIMIZATION_LEVEL = "-Onone";
			};
			name = Debug;
		};
		15E227742F33C524005FAD06 /* Release */ = {
			isa = XCBuildConfiguration;
			baseConfigurationReferenceAnchor = 15E227542F33C522005FAD06 /* Doggo_V2 */;
			baseConfigurationReferenceRelativePath = Core/Data/Network/AIService/Secrets.xcconfig;
			buildSettings = {
				ALWAYS_SEARCH_USER_PATHS = NO;
				ASSETCATALOG_COMPILER_GENERATE_SWIFT_ASSET_SYMBOL_EXTENSIONS = YES;
				CLANG_ANALYZER_NONNULL = YES;
				CLANG_ANALYZER_NUMBER_OBJECT_CONVERSION = YES_AGGRESSIVE;
				CLANG_CXX_LANGUAGE_STANDARD = "gnu++20";
				CLANG_ENABLE_MODULES = YES;
				CLANG_ENABLE_OBJC_ARC = YES;
				CLANG_ENABLE_OBJC_WEAK = YES;
				CLANG_WARN_BLOCK_CAPTURE_AUTORELEASING = YES;
				CLANG_WARN_BOOL_CONVERSION = YES;
				CLANG_WARN_COMMA = YES;
				CLANG_WARN_CONSTANT_CONVERSION = YES;
				CLANG_WARN_DEPRECATED_OBJC_IMPLEMENTATIONS = YES;
				CLANG_WARN_DIRECT_OBJC_ISA_USAGE = YES_ERROR;
				CLANG_WARN_DOCUMENTATION_COMMENTS = YES;
				CLANG_WARN_EMPTY_BODY = YES;
				CLANG_WARN_ENUM_CONVERSION = YES;
				CLANG_WARN_INFINITE_RECURSION = YES;
				CLANG_WARN_INT_CONVERSION = YES;
				CLANG_WARN_NON_LITERAL_NULL_CONVERSION = YES;
				CLANG_WARN_OBJC_IMPLICIT_RETAIN_SELF = YES;
				CLANG_WARN_OBJC_LITERAL_CONVERSION = YES;
				CLANG_WARN_OBJC_ROOT_CLASS = YES_ERROR;
				CLANG_WARN_QUOTED_INCLUDE_IN_FRAMEWORK_HEADER = YES;
				CLANG_WARN_RANGE_LOOP_ANALYSIS = YES;
				CLANG_WARN_STRICT_PROTOTYPES = YES;
				CLANG_WARN_SUSPICIOUS_MOVE = YES;
				CLANG_WARN_UNGUARDED_AVAILABILITY = YES_AGGRESSIVE;
				CLANG_WARN_UNREACHABLE_CODE = YES;
				CLANG_WARN__DUPLICATE_METHOD_MATCH = YES;
				COPY_PHASE_STRIP = NO;
				DEBUG_INFORMATION_FORMAT = "dwarf-with-dsym";
				DEVELOPMENT_TEAM = 825JPA884M;
				ENABLE_NS_ASSERTIONS = NO;
				ENABLE_STRICT_OBJC_MSGSEND = YES;
				ENABLE_USER_SCRIPT_SANDBOXING = YES;
				GCC_C_LANGUAGE_STANDARD = gnu17;
				GCC_NO_COMMON_BLOCKS = YES;
				GCC_WARN_64_TO_32_BIT_CONVERSION = YES;
				GCC_WARN_ABOUT_RETURN_TYPE = YES_ERROR;
				GCC_WARN_UNDECLARED_SELECTOR = YES;
				GCC_WARN_UNINITIALIZED_AUTOS = YES_AGGRESSIVE;
				GCC_WARN_UNUSED_FUNCTION = YES;
				GCC_WARN_UNUSED_VARIABLE = YES;
				IPHONEOS_DEPLOYMENT_TARGET = 26.2;
				LOCALIZATION_PREFERS_STRING_CATALOGS = YES;
				MTL_ENABLE_DEBUG_INFO = NO;
				MTL_FAST_MATH = YES;
				SDKROOT = iphoneos;
				SWIFT_COMPILATION_MODE = wholemodule;
				VALIDATE_PRODUCT = YES;
			};
			name = Release;
		};
		15E227762F33C524005FAD06 /* Debug */ = {
			isa = XCBuildConfiguration;
			buildSettings = {
				ASSETCATALOG_COMPILER_APPICON_NAME = "AppIcon 1";
				ASSETCATALOG_COMPILER_GLOBAL_ACCENT_COLOR_NAME = AccentColor;
				CODE_SIGN_STYLE = Automatic;
				CURRENT_PROJECT_VERSION = 1;
				DEVELOPMENT_TEAM = 825JPA884M;
				ENABLE_PREVIEWS = YES;
				GENERATE_INFOPLIST_FILE = YES;
				INFOPLIST_FILE = "Doggo-V2-Info.plist";
				INFOPLIST_KEY_UIApplicationSceneManifest_Generation = YES;
				INFOPLIST_KEY_UIApplicationSupportsIndirectInputEvents = YES;
				INFOPLIST_KEY_UILaunchScreen_Generation = YES;
				INFOPLIST_KEY_UISupportedInterfaceOrientations_iPad = "UIInterfaceOrientationPortrait UIInterfaceOrientationPortraitUpsideDown UIInterfaceOrientationLandscapeLeft UIInterfaceOrientationLandscapeRight";
				INFOPLIST_KEY_UISupportedInterfaceOrientations_iPhone = "UIInterfaceOrientationPortrait UIInterfaceOrientationLandscapeLeft UIInterfaceOrientationLandscapeRight";
				LD_RUNPATH_SEARCH_PATHS = (
					"$(inherited)",
					"@executable_path/Frameworks",
				);
				MARKETING_VERSION = 1.0;
				PRODUCT_BUNDLE_IDENTIFIER = "com.guavi.Doggo-V2";
				PRODUCT_NAME = "$(TARGET_NAME)";
				STRING_CATALOG_GENERATE_SYMBOLS = YES;
				SWIFT_APPROACHABLE_CONCURRENCY = YES;
				SWIFT_DEFAULT_ACTOR_ISOLATION = MainActor;
				SWIFT_EMIT_LOC_STRINGS = YES;
				SWIFT_UPCOMING_FEATURE_MEMBER_IMPORT_VISIBILITY = YES;
				SWIFT_VERSION = 5.0;
				TARGETED_DEVICE_FAMILY = "1,2";
			};
			name = Debug;
		};
		15E227772F33C524005FAD06 /* Release */ = {
			isa = XCBuildConfiguration;
			buildSettings = {
				ASSETCATALOG_COMPILER_APPICON_NAME = "AppIcon 1";
				ASSETCATALOG_COMPILER_GLOBAL_ACCENT_COLOR_NAME = AccentColor;
				CODE_SIGN_STYLE = Automatic;
				CURRENT_PROJECT_VERSION = 1;
				DEVELOPMENT_TEAM = 825JPA884M;
				ENABLE_PREVIEWS = YES;
				GENERATE_INFOPLIST_FILE = YES;
				INFOPLIST_FILE = "Doggo-V2-Info.plist";
				INFOPLIST_KEY_UIApplicationSceneManifest_Generation = YES;
				INFOPLIST_KEY_UIApplicationSupportsIndirectInputEvents = YES;
				INFOPLIST_KEY_UILaunchScreen_Generation = YES;
				INFOPLIST_KEY_UISupportedInterfaceOrientations_iPad = "UIInterfaceOrientationPortrait UIInterfaceOrientationPortraitUpsideDown UIInterfaceOrientationLandscapeLeft UIInterfaceOrientationLandscapeRight";
				INFOPLIST_KEY_UISupportedInterfaceOrientations_iPhone = "UIInterfaceOrientationPortrait UIInterfaceOrientationLandscapeLeft UIInterfaceOrientationLandscapeRight";
				LD_RUNPATH_SEARCH_PATHS = (
					"$(inherited)",
					"@executable_path/Frameworks",
				);
				MARKETING_VERSION = 1.0;
				PRODUCT_BUNDLE_IDENTIFIER = "com.guavi.Doggo-V2";
				PRODUCT_NAME = "$(TARGET_NAME)";
				STRING_CATALOG_GENERATE_SYMBOLS = YES;
				SWIFT_APPROACHABLE_CONCURRENCY = YES;
				SWIFT_DEFAULT_ACTOR_ISOLATION = MainActor;
				SWIFT_EMIT_LOC_STRINGS = YES;
				SWIFT_UPCOMING_FEATURE_MEMBER_IMPORT_VISIBILITY = YES;
				SWIFT_VERSION = 5.0;
				TARGETED_DEVICE_FAMILY = "1,2";
			};
			name = Release;
		};
		15E227792F33C524005FAD06 /* Debug */ = {
			isa = XCBuildConfiguration;
			buildSettings = {
				BUNDLE_LOADER = "$(TEST_HOST)";
				CODE_SIGN_STYLE = Automatic;
				CURRENT_PROJECT_VERSION = 1;
				DEVELOPMENT_TEAM = 825JPA884M;
				GENERATE_INFOPLIST_FILE = YES;
				IPHONEOS_DEPLOYMENT_TARGET = 26.2;
				MARKETING_VERSION = 1.0;
				PRODUCT_BUNDLE_IDENTIFIER = "com.guavi.Doggo-V2Tests";
				PRODUCT_NAME = "$(TARGET_NAME)";
				STRING_CATALOG_GENERATE_SYMBOLS = NO;
				SWIFT_APPROACHABLE_CONCURRENCY = YES;
				SWIFT_EMIT_LOC_STRINGS = NO;
				SWIFT_UPCOMING_FEATURE_MEMBER_IMPORT_VISIBILITY = YES;
				SWIFT_VERSION = 5.0;
				TARGETED_DEVICE_FAMILY = "1,2";
				TEST_HOST = "$(BUILT_PRODUCTS_DIR)/Doggo_V2.app/$(BUNDLE_EXECUTABLE_FOLDER_PATH)/Doggo_V2";
			};
			name = Debug;
		};
		15E2277A2F33C524005FAD06 /* Release */ = {
			isa = XCBuildConfiguration;
			buildSettings = {
				BUNDLE_LOADER = "$(TEST_HOST)";
				CODE_SIGN_STYLE = Automatic;
				CURRENT_PROJECT_VERSION = 1;
				DEVELOPMENT_TEAM = 825JPA884M;
				GENERATE_INFOPLIST_FILE = YES;
				IPHONEOS_DEPLOYMENT_TARGET = 26.2;
				MARKETING_VERSION = 1.0;
				PRODUCT_BUNDLE_IDENTIFIER = "com.guavi.Doggo-V2Tests";
				PRODUCT_NAME = "$(TARGET_NAME)";
				STRING_CATALOG_GENERATE_SYMBOLS = NO;
				SWIFT_APPROACHABLE_CONCURRENCY = YES;
				SWIFT_EMIT_LOC_STRINGS = NO;
				SWIFT_UPCOMING_FEATURE_MEMBER_IMPORT_VISIBILITY = YES;
				SWIFT_VERSION = 5.0;
				TARGETED_DEVICE_FAMILY = "1,2";
				TEST_HOST = "$(BUILT_PRODUCTS_DIR)/Doggo_V2.app/$(BUNDLE_EXECUTABLE_FOLDER_PATH)/Doggo_V2";
			};
			name = Release;
		};
		15E2277C2F33C524005FAD06 /* Debug */ = {
			isa = XCBuildConfiguration;
			buildSettings = {
				CODE_SIGN_STYLE = Automatic;
				CURRENT_PROJECT_VERSION = 1;
				DEVELOPMENT_TEAM = 825JPA884M;
				GENERATE_INFOPLIST_FILE = YES;
				MARKETING_VERSION = 1.0;
				PRODUCT_BUNDLE_IDENTIFIER = "com.guavi.Doggo-V2UITests";
				PRODUCT_NAME = "$(TARGET_NAME)";
				STRING_CATALOG_GENERATE_SYMBOLS = NO;
				SWIFT_APPROACHABLE_CONCURRENCY = YES;
				SWIFT_EMIT_LOC_STRINGS = NO;
				SWIFT_UPCOMING_FEATURE_MEMBER_IMPORT_VISIBILITY = YES;
				SWIFT_VERSION = 5.0;
				TARGETED_DEVICE_FAMILY = "1,2";
				TEST_TARGET_NAME = Doggo_V2;
			};
			name = Debug;
		};
		15E2277D2F33C524005FAD06 /* Release */ = {
			isa = XCBuildConfiguration;
			buildSettings = {
				CODE_SIGN_STYLE = Automatic;
				CURRENT_PROJECT_VERSION = 1;
				DEVELOPMENT_TEAM = 825JPA884M;
				GENERATE_INFOPLIST_FILE = YES;
				MARKETING_VERSION = 1.0;
				PRODUCT_BUNDLE_IDENTIFIER = "com.guavi.Doggo-V2UITests";
				PRODUCT_NAME = "$(TARGET_NAME)";
				STRING_CATALOG_GENERATE_SYMBOLS = NO;
				SWIFT_APPROACHABLE_CONCURRENCY = YES;
				SWIFT_EMIT_LOC_STRINGS = NO;
				SWIFT_UPCOMING_FEATURE_MEMBER_IMPORT_VISIBILITY = YES;
				SWIFT_VERSION = 5.0;
				TARGETED_DEVICE_FAMILY = "1,2";
				TEST_TARGET_NAME = Doggo_V2;
			};
			name = Release;
		};
		922AAB2A2FDA754300F7B8E6 /* Debug */ = {
			isa = XCBuildConfiguration;
			buildSettings = {
				ASSETCATALOG_COMPILER_GLOBAL_ACCENT_COLOR_NAME = AccentColor;
				ASSETCATALOG_COMPILER_WIDGET_BACKGROUND_COLOR_NAME = WidgetBackground;
				CODE_SIGN_STYLE = Automatic;
				CURRENT_PROJECT_VERSION = 1;
				DEVELOPMENT_TEAM = 825JPA884M;
				GENERATE_INFOPLIST_FILE = YES;
				INFOPLIST_FILE = DoggoWidget/Info.plist;
				INFOPLIST_KEY_CFBundleDisplayName = DoggoWidget;
				INFOPLIST_KEY_NSHumanReadableCopyright = "";
				LD_RUNPATH_SEARCH_PATHS = (
					"$(inherited)",
					"@executable_path/Frameworks",
					"@executable_path/../../Frameworks",
				);
				MARKETING_VERSION = 1.0;
				PRODUCT_BUNDLE_IDENTIFIER = "com.guavi.Doggo-V2.DoggoWidget";
				PRODUCT_NAME = "$(TARGET_NAME)";
				SKIP_INSTALL = YES;
				STRING_CATALOG_GENERATE_SYMBOLS = YES;
				SWIFT_APPROACHABLE_CONCURRENCY = YES;
				SWIFT_EMIT_LOC_STRINGS = YES;
				SWIFT_UPCOMING_FEATURE_MEMBER_IMPORT_VISIBILITY = YES;
				SWIFT_VERSION = 5.0;
				TARGETED_DEVICE_FAMILY = "1,2";
			};
			name = Debug;
		};
		922AAB2B2FDA754300F7B8E6 /* Release */ = {
			isa = XCBuildConfiguration;
			buildSettings = {
				ASSETCATALOG_COMPILER_GLOBAL_ACCENT_COLOR_NAME = AccentColor;
				ASSETCATALOG_COMPILER_WIDGET_BACKGROUND_COLOR_NAME = WidgetBackground;
				CODE_SIGN_STYLE = Automatic;
				CURRENT_PROJECT_VERSION = 1;
				DEVELOPMENT_TEAM = 825JPA884M;
				GENERATE_INFOPLIST_FILE = YES;
				INFOPLIST_FILE = DoggoWidget/Info.plist;
				INFOPLIST_KEY_CFBundleDisplayName = DoggoWidget;
				INFOPLIST_KEY_NSHumanReadableCopyright = "";
				LD_RUNPATH_SEARCH_PATHS = (
					"$(inherited)",
					"@executable_path/Frameworks",
					"@executable_path/../../Frameworks",
				);
				MARKETING_VERSION = 1.0;
				PRODUCT_BUNDLE_IDENTIFIER = "com.guavi.Doggo-V2.DoggoWidget";
				PRODUCT_NAME = "$(TARGET_NAME)";
				SKIP_INSTALL = YES;
				STRING_CATALOG_GENERATE_SYMBOLS = YES;
				SWIFT_APPROACHABLE_CONCURRENCY = YES;
				SWIFT_EMIT_LOC_STRINGS = YES;
				SWIFT_UPCOMING_FEATURE_MEMBER_IMPORT_VISIBILITY = YES;
				SWIFT_VERSION = 5.0;
				TARGETED_DEVICE_FAMILY = "1,2";
			};
			name = Release;
		};
/* End XCBuildConfiguration section */

/* Begin XCConfigurationList section */
		15E2274D2F33C522005FAD06 /* Build configuration list for PBXProject "Doggo_V2" */ = {
			isa = XCConfigurationList;
			buildConfigurations = (
				15E227732F33C524005FAD06 /* Debug */,
				15E227742F33C524005FAD06 /* Release */,
			);
			defaultConfigurationIsVisible = 0;
			defaultConfigurationName = Release;
		};
		15E227752F33C524005FAD06 /* Build configuration list for PBXNativeTarget "Doggo_V2" */ = {
			isa = XCConfigurationList;
			buildConfigurations = (
				15E227762F33C524005FAD06 /* Debug */,
				15E227772F33C524005FAD06 /* Release */,
			);
			defaultConfigurationIsVisible = 0;
			defaultConfigurationName = Release;
		};
		15E227782F33C524005FAD06 /* Build configuration list for PBXNativeTarget "Doggo_V2Tests" */ = {
			isa = XCConfigurationList;
			buildConfigurations = (
				15E227792F33C524005FAD06 /* Debug */,
				15E2277A2F33C524005FAD06 /* Release */,
			);
			defaultConfigurationIsVisible = 0;
			defaultConfigurationName = Release;
		};
		15E2277B2F33C524005FAD06 /* Build configuration list for PBXNativeTarget "Doggo_V2UITests" */ = {
			isa = XCConfigurationList;
			buildConfigurations = (
				15E2277C2F33C524005FAD06 /* Debug */,
				15E2277D2F33C524005FAD06 /* Release */,
			);
			defaultConfigurationIsVisible = 0;
			defaultConfigurationName = Release;
		};
		922AAB2C2FDA754300F7B8E6 /* Build configuration list for PBXNativeTarget "DoggoWidgetExtension" */ = {
			isa = XCConfigurationList;
			buildConfigurations = (
				922AAB2A2FDA754300F7B8E6 /* Debug */,
				922AAB2B2FDA754300F7B8E6 /* Release */,
			);
			defaultConfigurationIsVisible = 0;
			defaultConfigurationName = Release;
		};
/* End XCConfigurationList section */
	};
	rootObject = 15E2274A2F33C522005FAD06 /* Project object */;
}
